// !$*UTF8*$!
{
	archiveVersion = 1;
	classes = {
	};
	objectVersion = 50;
	objects = {

/* Begin PBXBuildFile section */
		A26FEE1626D4891B00C57E74 /* SpotifyWebApiEndpoint.swift in Sources */ = {isa = PBXBuildFile; fileRef = A26FEE1526D4891B00C57E74 /* SpotifyWebApiEndpoint.swift */; };
		A26FEE1826D4893300C57E74 /* SpotifyWebService.swift in Sources */ = {isa = PBXBuildFile; fileRef = A26FEE1726D4893300C57E74 /* SpotifyWebService.swift */; };
		A26FEE1A26D4894E00C57E74 /* SpotifyWebModel.swift in Sources */ = {isa = PBXBuildFile; fileRef = A26FEE1926D4894E00C57E74 /* SpotifyWebModel.swift */; };
		A26FEE1E26D4A1C500C57E74 /* SpotifyWebManager.swift in Sources */ = {isa = PBXBuildFile; fileRef = A26FEE1D26D4A1C500C57E74 /* SpotifyWebManager.swift */; };
		A26FEE2126D4FF5900C57E74 /* SpotifyWebFetcher.swift in Sources */ = {isa = PBXBuildFile; fileRef = A26FEE2026D4FF5900C57E74 /* SpotifyWebFetcher.swift */; };
		A26FEE2426D5F66300C57E74 /* Logger.swift in Sources */ = {isa = PBXBuildFile; fileRef = A26FEE2326D5F66300C57E74 /* Logger.swift */; };
		A29571C926D37B1400D9A984 /* AppDelegate.swift in Sources */ = {isa = PBXBuildFile; fileRef = A29571C826D37B1400D9A984 /* AppDelegate.swift */; };
		A29571CB26D37B1400D9A984 /* SceneDelegate.swift in Sources */ = {isa = PBXBuildFile; fileRef = A29571CA26D37B1400D9A984 /* SceneDelegate.swift */; };
		A29571CD26D37B1400D9A984 /* ViewController.swift in Sources */ = {isa = PBXBuildFile; fileRef = A29571CC26D37B1400D9A984 /* ViewController.swift */; };
		A29571D026D37B1400D9A984 /* Main.storyboard in Resources */ = {isa = PBXBuildFile; fileRef = A29571CE26D37B1400D9A984 /* Main.storyboard */; };
		A29571D226D37B1600D9A984 /* Assets.xcassets in Resources */ = {isa = PBXBuildFile; fileRef = A29571D126D37B1600D9A984 /* Assets.xcassets */; };
		A29571D526D37B1600D9A984 /* LaunchScreen.storyboard in Resources */ = {isa = PBXBuildFile; fileRef = A29571D326D37B1600D9A984 /* LaunchScreen.storyboard */; };
		A29571DF26D37BF700D9A984 /* NetworkService.swift in Sources */ = {isa = PBXBuildFile; fileRef = A29571DE26D37BF700D9A984 /* NetworkService.swift */; };
		A29571E626D381A100D9A984 /* EndPointType.swift in Sources */ = {isa = PBXBuildFile; fileRef = A29571E526D381A100D9A984 /* EndPointType.swift */; };
		A29571E826D3825F00D9A984 /* HTTPMethod.swift in Sources */ = {isa = PBXBuildFile; fileRef = A29571E726D3825F00D9A984 /* HTTPMethod.swift */; };
		A29571EC26D3870700D9A984 /* ParameterEncoderType.swift in Sources */ = {isa = PBXBuildFile; fileRef = A29571EB26D3870700D9A984 /* ParameterEncoderType.swift */; };
		A29571EF26D3896F00D9A984 /* URLParameterEncoder.swift in Sources */ = {isa = PBXBuildFile; fileRef = A29571EE26D3896F00D9A984 /* URLParameterEncoder.swift */; };
		A29571F526D38ECE00D9A984 /* JSONParameterEncoder.swift in Sources */ = {isa = PBXBuildFile; fileRef = A29571F426D38ECE00D9A984 /* JSONParameterEncoder.swift */; };
		A29571F726D3948500D9A984 /* NetworkServiceType.swift in Sources */ = {isa = PBXBuildFile; fileRef = A29571F626D3948500D9A984 /* NetworkServiceType.swift */; };
		A29571F926D3A20100D9A984 /* URLRequestBuilder.swift in Sources */ = {isa = PBXBuildFile; fileRef = A29571F826D3A20100D9A984 /* URLRequestBuilder.swift */; };
		A295720126D3C30800D9A984 /* SpotifyAuthApiEndpoint.swift in Sources */ = {isa = PBXBuildFile; fileRef = A295720026D3C30800D9A984 /* SpotifyAuthApiEndpoint.swift */; };
		A295720326D3C79200D9A984 /* SpotifyAuthService.swift in Sources */ = {isa = PBXBuildFile; fileRef = A295720226D3C79200D9A984 /* SpotifyAuthService.swift */; };
		A295720626D3CDF900D9A984 /* SpotifyAuthModel.swift in Sources */ = {isa = PBXBuildFile; fileRef = A295720526D3CDF900D9A984 /* SpotifyAuthModel.swift */; };
/* End PBXBuildFile section */

/* Begin PBXFileReference section */
		A26FEE1526D4891B00C57E74 /* SpotifyWebApiEndpoint.swift */ = {isa = PBXFileReference; lastKnownFileType = sourcecode.swift; path = SpotifyWebApiEndpoint.swift; sourceTree = "<group>"; };
		A26FEE1726D4893300C57E74 /* SpotifyWebService.swift */ = {isa = PBXFileReference; lastKnownFileType = sourcecode.swift; path = SpotifyWebService.swift; sourceTree = "<group>"; };
		A26FEE1926D4894E00C57E74 /* SpotifyWebModel.swift */ = {isa = PBXFileReference; lastKnownFileType = sourcecode.swift; path = SpotifyWebModel.swift; sourceTree = "<group>"; };
		A26FEE1D26D4A1C500C57E74 /* SpotifyWebManager.swift */ = {isa = PBXFileReference; lastKnownFileType = sourcecode.swift; path = SpotifyWebManager.swift; sourceTree = "<group>"; };
		A26FEE2026D4FF5900C57E74 /* SpotifyWebFetcher.swift */ = {isa = PBXFileReference; lastKnownFileType = sourcecode.swift; path = SpotifyWebFetcher.swift; sourceTree = "<group>"; };
		A26FEE2326D5F66300C57E74 /* Logger.swift */ = {isa = PBXFileReference; lastKnownFileType = sourcecode.swift; path = Logger.swift; sourceTree = "<group>"; };
		A29571C526D37B1400D9A984 /* Musicians.app */ = {isa = PBXFileReference; explicitFileType = wrapper.application; includeInIndex = 0; path = Musicians.app; sourceTree = BUILT_PRODUCTS_DIR; };
		A29571C826D37B1400D9A984 /* AppDelegate.swift */ = {isa = PBXFileReference; lastKnownFileType = sourcecode.swift; path = AppDelegate.swift; sourceTree = "<group>"; };
		A29571CA26D37B1400D9A984 /* SceneDelegate.swift */ = {isa = PBXFileReference; lastKnownFileType = sourcecode.swift; path = SceneDelegate.swift; sourceTree = "<group>"; };
		A29571CC26D37B1400D9A984 /* ViewController.swift */ = {isa = PBXFileReference; lastKnownFileType = sourcecode.swift; path = ViewController.swift; sourceTree = "<group>"; };
		A29571CF26D37B1400D9A984 /* Base */ = {isa = PBXFileReference; lastKnownFileType = file.storyboard; name = Base; path = Base.lproj/Main.storyboard; sourceTree = "<group>"; };
		A29571D126D37B1600D9A984 /* Assets.xcassets */ = {isa = PBXFileReference; lastKnownFileType = folder.assetcatalog; path = Assets.xcassets; sourceTree = "<group>"; };
		A29571D426D37B1600D9A984 /* Base */ = {isa = PBXFileReference; lastKnownFileType = file.storyboard; name = Base; path = Base.lproj/LaunchScreen.storyboard; sourceTree = "<group>"; };
		A29571D626D37B1600D9A984 /* Info.plist */ = {isa = PBXFileReference; lastKnownFileType = text.plist.xml; path = Info.plist; sourceTree = "<group>"; };
		A29571DE26D37BF700D9A984 /* NetworkService.swift */ = {isa = PBXFileReference; lastKnownFileType = sourcecode.swift; path = NetworkService.swift; sourceTree = "<group>"; };
		A29571E526D381A100D9A984 /* EndPointType.swift */ = {isa = PBXFileReference; lastKnownFileType = sourcecode.swift; path = EndPointType.swift; sourceTree = "<group>"; };
		A29571E726D3825F00D9A984 /* HTTPMethod.swift */ = {isa = PBXFileReference; lastKnownFileType = sourcecode.swift; path = HTTPMethod.swift; sourceTree = "<group>"; };
		A29571EB26D3870700D9A984 /* ParameterEncoderType.swift */ = {isa = PBXFileReference; lastKnownFileType = sourcecode.swift; path = ParameterEncoderType.swift; sourceTree = "<group>"; };
		A29571EE26D3896F00D9A984 /* URLParameterEncoder.swift */ = {isa = PBXFileReference; lastKnownFileType = sourcecode.swift; path = URLParameterEncoder.swift; sourceTree = "<group>"; };
		A29571F426D38ECE00D9A984 /* JSONParameterEncoder.swift */ = {isa = PBXFileReference; lastKnownFileType = sourcecode.swift; path = JSONParameterEncoder.swift; sourceTree = "<group>"; };
		A29571F626D3948500D9A984 /* NetworkServiceType.swift */ = {isa = PBXFileReference; lastKnownFileType = sourcecode.swift; path = NetworkServiceType.swift; sourceTree = "<group>"; };
		A29571F826D3A20100D9A984 /* URLRequestBuilder.swift */ = {isa = PBXFileReference; lastKnownFileType = sourcecode.swift; path = URLRequestBuilder.swift; sourceTree = "<group>"; };
		A295720026D3C30800D9A984 /* SpotifyAuthApiEndpoint.swift */ = {isa = PBXFileReference; lastKnownFileType = sourcecode.swift; path = SpotifyAuthApiEndpoint.swift; sourceTree = "<group>"; };
		A295720226D3C79200D9A984 /* SpotifyAuthService.swift */ = {isa = PBXFileReference; lastKnownFileType = sourcecode.swift; path = SpotifyAuthService.swift; sourceTree = "<group>"; };
		A295720526D3CDF900D9A984 /* SpotifyAuthModel.swift */ = {isa = PBXFileReference; lastKnownFileType = sourcecode.swift; path = SpotifyAuthModel.swift; sourceTree = "<group>"; };
/* End PBXFileReference section */

/* Begin PBXFrameworksBuildPhase section */
		A29571C226D37B1400D9A984 /* Frameworks */ = {
			isa = PBXFrameworksBuildPhase;
			buildActionMask = 2147483647;
			files = (
			);
			runOnlyForDeploymentPostprocessing = 0;
		};
/* End PBXFrameworksBuildPhase section */

/* Begin PBXGroup section */
		A26FEE1326D4880800C57E74 /* Authorisation */ = {
			isa = PBXGroup;
			children = (
				A295720026D3C30800D9A984 /* SpotifyAuthApiEndpoint.swift */,
				A295720226D3C79200D9A984 /* SpotifyAuthService.swift */,
				A295720526D3CDF900D9A984 /* SpotifyAuthModel.swift */,
			);
			path = Authorisation;
			sourceTree = "<group>";
		};
		A26FEE1426D4887400C57E74 /* WebApi */ = {
			isa = PBXGroup;
			children = (
				A26FEE1526D4891B00C57E74 /* SpotifyWebApiEndpoint.swift */,
				A26FEE1926D4894E00C57E74 /* SpotifyWebModel.swift */,
				A26FEE1D26D4A1C500C57E74 /* SpotifyWebManager.swift */,
				A26FEE2026D4FF5900C57E74 /* SpotifyWebFetcher.swift */,
				A26FEE1726D4893300C57E74 /* SpotifyWebService.swift */,
			);
			path = WebApi;
			sourceTree = "<group>";
		};
		A26FEE2226D5F64F00C57E74 /* Helpers */ = {
			isa = PBXGroup;
			children = (
				A26FEE2326D5F66300C57E74 /* Logger.swift */,
			);
			path = Helpers;
			sourceTree = "<group>";
		};
		A29571BC26D37B1400D9A984 = {
			isa = PBXGroup;
			children = (
				A29571C726D37B1400D9A984 /* Musicians */,
				A29571C626D37B1400D9A984 /* Products */,
			);
			sourceTree = "<group>";
		};
		A29571C626D37B1400D9A984 /* Products */ = {
			isa = PBXGroup;
			children = (
				A29571C526D37B1400D9A984 /* Musicians.app */,
			);
			name = Products;
			sourceTree = "<group>";
		};
		A29571C726D37B1400D9A984 /* Musicians */ = {
			isa = PBXGroup;
			children = (
				A29571FF26D3C26400D9A984 /* SpotifyApiService */,
				A29571E026D3814E00D9A984 /* NetworkService */,
				A26FEE2226D5F64F00C57E74 /* Helpers */,
				A29571C826D37B1400D9A984 /* AppDelegate.swift */,
				A29571CA26D37B1400D9A984 /* SceneDelegate.swift */,
				A29571CC26D37B1400D9A984 /* ViewController.swift */,
				A29571CE26D37B1400D9A984 /* Main.storyboard */,
				A29571D126D37B1600D9A984 /* Assets.xcassets */,
				A29571D326D37B1600D9A984 /* LaunchScreen.storyboard */,
				A29571D626D37B1600D9A984 /* Info.plist */,
			);
			path = Musicians;
			sourceTree = "<group>";
		};
		A29571E026D3814E00D9A984 /* NetworkService */ = {
			isa = PBXGroup;
			children = (
				A29571FA26D3C0FC00D9A984 /* Service */,
				A29571E226D3815800D9A984 /* RequestBuilder */,
				A29571E126D3815500D9A984 /* ParametersEncoder */,
			);
			path = NetworkService;
			sourceTree = "<group>";
		};
		A29571E126D3815500D9A984 /* ParametersEncoder */ = {
			isa = PBXGroup;
			children = (
				A29571EB26D3870700D9A984 /* ParameterEncoderType.swift */,
				A29571EE26D3896F00D9A984 /* URLParameterEncoder.swift */,
				A29571F426D38ECE00D9A984 /* JSONParameterEncoder.swift */,
			);
			path = ParametersEncoder;
			sourceTree = "<group>";
		};
		A29571E226D3815800D9A984 /* RequestBuilder */ = {
			isa = PBXGroup;
			children = (
				A29571F826D3A20100D9A984 /* URLRequestBuilder.swift */,
				A29571E526D381A100D9A984 /* EndPointType.swift */,
				A29571E726D3825F00D9A984 /* HTTPMethod.swift */,
			);
			path = RequestBuilder;
			sourceTree = "<group>";
		};
		A29571FA26D3C0FC00D9A984 /* Service */ = {
			isa = PBXGroup;
			children = (
				A29571F626D3948500D9A984 /* NetworkServiceType.swift */,
				A29571DE26D37BF700D9A984 /* NetworkService.swift */,
			);
			path = Service;
			sourceTree = "<group>";
		};
		A29571FF26D3C26400D9A984 /* SpotifyApiService */ = {
			isa = PBXGroup;
			children = (
				A26FEE1426D4887400C57E74 /* WebApi */,
				A26FEE1326D4880800C57E74 /* Authorisation */,
			);
			path = SpotifyApiService;
			sourceTree = "<group>";
		};
/* End PBXGroup section */

/* Begin PBXNativeTarget section */
		A29571C426D37B1400D9A984 /* Musicians */ = {
			isa = PBXNativeTarget;
			buildConfigurationList = A29571D926D37B1600D9A984 /* Build configuration list for PBXNativeTarget "Musicians" */;
			buildPhases = (
				A29571C126D37B1400D9A984 /* Sources */,
				A29571C226D37B1400D9A984 /* Frameworks */,
				A29571C326D37B1400D9A984 /* Resources */,
				A26FEE2526D6078A00C57E74 /* ShellScript */,
			);
			buildRules = (
			);
			dependencies = (
			);
			name = Musicians;
			productName = Musicians;
			productReference = A29571C526D37B1400D9A984 /* Musicians.app */;
			productType = "com.apple.product-type.application";
		};
/* End PBXNativeTarget section */

/* Begin PBXProject section */
		A29571BD26D37B1400D9A984 /* Project object */ = {
			isa = PBXProject;
			attributes = {
				LastSwiftUpdateCheck = 1250;
				LastUpgradeCheck = 1250;
				TargetAttributes = {
					A29571C426D37B1400D9A984 = {
						CreatedOnToolsVersion = 12.5.1;
					};
				};
			};
			buildConfigurationList = A29571C026D37B1400D9A984 /* Build configuration list for PBXProject "Musicians" */;
			compatibilityVersion = "Xcode 9.3";
			developmentRegion = en;
			hasScannedForEncodings = 0;
			knownRegions = (
				en,
				Base,
			);
			mainGroup = A29571BC26D37B1400D9A984;
			productRefGroup = A29571C626D37B1400D9A984 /* Products */;
			projectDirPath = "";
			projectRoot = "";
			targets = (
				A29571C426D37B1400D9A984 /* Musicians */,
			);
		};
/* End PBXProject section */

/* Begin PBXResourcesBuildPhase section */
		A29571C326D37B1400D9A984 /* Resources */ = {
			isa = PBXResourcesBuildPhase;
			buildActionMask = 2147483647;
			files = (
				A29571D526D37B1600D9A984 /* LaunchScreen.storyboard in Resources */,
				A29571D226D37B1600D9A984 /* Assets.xcassets in Resources */,
				A29571D026D37B1400D9A984 /* Main.storyboard in Resources */,
			);
			runOnlyForDeploymentPostprocessing = 0;
		};
/* End PBXResourcesBuildPhase section */

/* Begin PBXShellScriptBuildPhase section */
		A26FEE2526D6078A00C57E74 /* ShellScript */ = {
			isa = PBXShellScriptBuildPhase;
			buildActionMask = 2147483647;
			files = (
			);
			inputFileListPaths = (
			);
			inputPaths = (
			);
			outputFileListPaths = (
			);
			outputPaths = (
			);
			runOnlyForDeploymentPostprocessing = 0;
			shellPath = /bin/sh;
			shellScript = "if which swiftlint >/dev/null; then\n  swiftlint\nelse\n  echo \"Warning: SwiftLint not installed, download from https://github.com/realm/SwiftLint\"\nfi\n";
		};
/* End PBXShellScriptBuildPhase section */

/* Begin PBXSourcesBuildPhase section */
		A29571C126D37B1400D9A984 /* Sources */ = {
			isa = PBXSourcesBuildPhase;
			buildActionMask = 2147483647;
			files = (
				A29571CD26D37B1400D9A984 /* ViewController.swift in Sources */,
				A29571F926D3A20100D9A984 /* URLRequestBuilder.swift in Sources */,
				A29571EC26D3870700D9A984 /* ParameterEncoderType.swift in Sources */,
				A29571C926D37B1400D9A984 /* AppDelegate.swift in Sources */,
				A29571F526D38ECE00D9A984 /* JSONParameterEncoder.swift in Sources */,
				A29571E826D3825F00D9A984 /* HTTPMethod.swift in Sources */,
				A29571DF26D37BF700D9A984 /* NetworkService.swift in Sources */,
				A26FEE1626D4891B00C57E74 /* SpotifyWebApiEndpoint.swift in Sources */,
				A26FEE1E26D4A1C500C57E74 /* SpotifyWebManager.swift in Sources */,
				A29571E626D381A100D9A984 /* EndPointType.swift in Sources */,
				A295720626D3CDF900D9A984 /* SpotifyAuthModel.swift in Sources */,
				A295720326D3C79200D9A984 /* SpotifyAuthService.swift in Sources */,
				A26FEE2126D4FF5900C57E74 /* SpotifyWebFetcher.swift in Sources */,
				A29571CB26D37B1400D9A984 /* SceneDelegate.swift in Sources */,
				A29571EF26D3896F00D9A984 /* URLParameterEncoder.swift in Sources */,
				A26FEE2426D5F66300C57E74 /* Logger.swift in Sources */,
				A29571F726D3948500D9A984 /* NetworkServiceType.swift in Sources */,
				A295720126D3C30800D9A984 /* SpotifyAuthApiEndpoint.swift in Sources */,
				A26FEE1A26D4894E00C57E74 /* SpotifyWebModel.swift in Sources */,
				A26FEE1826D4893300C57E74 /* SpotifyWebService.swift in Sources */,
			);
			runOnlyForDeploymentPostprocessing = 0;
		};
/* End PBXSourcesBuildPhase section */

/* Begin PBXVariantGroup section */
		A29571CE26D37B1400D9A984 /* Main.storyboard */ = {
			isa = PBXVariantGroup;
			children = (
				A29571CF26D37B1400D9A984 /* Base */,
			);
			name = Main.storyboard;
			sourceTree = "<group>";
		};
		A29571D326D37B1600D9A984 /* LaunchScreen.storyboard */ = {
			isa = PBXVariantGroup;
			children = (
				A29571D426D37B1600D9A984 /* Base */,
			);
			name = LaunchScreen.storyboard;
			sourceTree = "<group>";
		};
/* End PBXVariantGroup section */

/* Begin XCBuildConfiguration section */
		A29571D726D37B1600D9A984 /* Debug */ = {
			isa = XCBuildConfiguration;
			buildSettings = {
				ALWAYS_SEARCH_USER_PATHS = NO;
				CLANG_ANALYZER_NONNULL = YES;
				CLANG_ANALYZER_NUMBER_OBJECT_CONVERSION = YES_AGGRESSIVE;
				CLANG_CXX_LANGUAGE_STANDARD = "gnu++14";
				CLANG_CXX_LIBRARY = "libc++";
				CLANG_ENABLE_MODULES = YES;
				CLANG_ENABLE_OBJC_ARC = YES;
				CLANG_ENABLE_OBJC_WEAK = YES;
				CLANG_WARN_BLOCK_CAPTURE_AUTORELEASING = YES;
				CLANG_WARN_BOOL_CONVERSION = YES;
				CLANG_WARN_COMMA = YES;
				CLANG_WARN_CONSTANT_CONVERSION = YES;
				CLANG_WARN_DEPRECATED_OBJC_IMPLEMENTATIONS = YES;
				CLANG_WARN_DIRECT_OBJC_ISA_USAGE = YES_ERROR;
				CLANG_WARN_DOCUMENTATION_COMMENTS = YES;
				CLANG_WARN_EMPTY_BODY = YES;
				CLANG_WARN_ENUM_CONVERSION = YES;
				CLANG_WARN_INFINITE_RECURSION = YES;
				CLANG_WARN_INT_CONVERSION = YES;
				CLANG_WARN_NON_LITERAL_NULL_CONVERSION = YES;
				CLANG_WARN_OBJC_IMPLICIT_RETAIN_SELF = YES;
				CLANG_WARN_OBJC_LITERAL_CONVERSION = YES;
				CLANG_WARN_OBJC_ROOT_CLASS = YES_ERROR;
				CLANG_WARN_QUOTED_INCLUDE_IN_FRAMEWORK_HEADER = YES;
				CLANG_WARN_RANGE_LOOP_ANALYSIS = YES;
				CLANG_WARN_STRICT_PROTOTYPES = YES;
				CLANG_WARN_SUSPICIOUS_MOVE = YES;
				CLANG_WARN_UNGUARDED_AVAILABILITY = YES_AGGRESSIVE;
				CLANG_WARN_UNREACHABLE_CODE = YES;
				CLANG_WARN__DUPLICATE_METHOD_MATCH = YES;
				COPY_PHASE_STRIP = NO;
				DEBUG_INFORMATION_FORMAT = dwarf;
				ENABLE_STRICT_OBJC_MSGSEND = YES;
				ENABLE_TESTABILITY = YES;
				GCC_C_LANGUAGE_STANDARD = gnu11;
				GCC_DYNAMIC_NO_PIC = NO;
				GCC_NO_COMMON_BLOCKS = YES;
				GCC_OPTIMIZATION_LEVEL = 0;
				GCC_PREPROCESSOR_DEFINITIONS = (
					"DEBUG=1",
					"$(inherited)",
				);
				GCC_WARN_64_TO_32_BIT_CONVERSION = YES;
				GCC_WARN_ABOUT_RETURN_TYPE = YES_ERROR;
				GCC_WARN_UNDECLARED_SELECTOR = YES;
				GCC_WARN_UNINITIALIZED_AUTOS = YES_AGGRESSIVE;
				GCC_WARN_UNUSED_FUNCTION = YES;
				GCC_WARN_UNUSED_VARIABLE = YES;
				IPHONEOS_DEPLOYMENT_TARGET = 14.5;
				MTL_ENABLE_DEBUG_INFO = INCLUDE_SOURCE;
				MTL_FAST_MATH = YES;
				ONLY_ACTIVE_ARCH = YES;
				SDKROOT = iphoneos;
				SWIFT_ACTIVE_COMPILATION_CONDITIONS = DEBUG;
				SWIFT_OPTIMIZATION_LEVEL = "-Onone";
			};
			name = Debug;
		};
		A29571D826D37B1600D9A984 /* Release */ = {
			isa = XCBuildConfiguration;
			buildSettings = {
				ALWAYS_SEARCH_USER_PATHS = NO;
				CLANG_ANALYZER_NONNULL = YES;
				CLANG_ANALYZER_NUMBER_OBJECT_CONVERSION = YES_AGGRESSIVE;
				CLANG_CXX_LANGUAGE_STANDARD = "gnu++14";
				CLANG_CXX_LIBRARY = "libc++";
				CLANG_ENABLE_MODULES = YES;
				CLANG_ENABLE_OBJC_ARC = YES;
				CLANG_ENABLE_OBJC_WEAK = YES;
				CLANG_WARN_BLOCK_CAPTURE_AUTORELEASING = YES;
				CLANG_WARN_BOOL_CONVERSION = YES;
				CLANG_WARN_COMMA = YES;
				CLANG_WARN_CONSTANT_CONVERSION = YES;
				CLANG_WARN_DEPRECATED_OBJC_IMPLEMENTATIONS = YES;
				CLANG_WARN_DIRECT_OBJC_ISA_USAGE = YES_ERROR;
				CLANG_WARN_DOCUMENTATION_COMMENTS = YES;
				CLANG_WARN_EMPTY_BODY = YES;
				CLANG_WARN_ENUM_CONVERSION = YES;
				CLANG_WARN_INFINITE_RECURSION = YES;
				CLANG_WARN_INT_CONVERSION = YES;
				CLANG_WARN_NON_LITERAL_NULL_CONVERSION = YES;
				CLANG_WARN_OBJC_IMPLICIT_RETAIN_SELF = YES;
				CLANG_WARN_OBJC_LITERAL_CONVERSION = YES;
				CLANG_WARN_OBJC_ROOT_CLASS = YES_ERROR;
				CLANG_WARN_QUOTED_INCLUDE_IN_FRAMEWORK_HEADER = YES;
				CLANG_WARN_RANGE_LOOP_ANALYSIS = YES;
				CLANG_WARN_STRICT_PROTOTYPES = YES;
				CLANG_WARN_SUSPICIOUS_MOVE = YES;
				CLANG_WARN_UNGUARDED_AVAILABILITY = YES_AGGRESSIVE;
				CLANG_WARN_UNREACHABLE_CODE = YES;
				CLANG_WARN__DUPLICATE_METHOD_MATCH = YES;
				COPY_PHASE_STRIP = NO;
				DEBUG_INFORMATION_FORMAT = "dwarf-with-dsym";
				ENABLE_NS_ASSERTIONS = NO;
				ENABLE_STRICT_OBJC_MSGSEND = YES;
				GCC_C_LANGUAGE_STANDARD = gnu11;
				GCC_NO_COMMON_BLOCKS = YES;
				GCC_WARN_64_TO_32_BIT_CONVERSION = YES;
				GCC_WARN_ABOUT_RETURN_TYPE = YES_ERROR;
				GCC_WARN_UNDECLARED_SELECTOR = YES;
				GCC_WARN_UNINITIALIZED_AUTOS = YES_AGGRESSIVE;
				GCC_WARN_UNUSED_FUNCTION = YES;
				GCC_WARN_UNUSED_VARIABLE = YES;
				IPHONEOS_DEPLOYMENT_TARGET = 14.5;
				MTL_ENABLE_DEBUG_INFO = NO;
				MTL_FAST_MATH = YES;
				SDKROOT = iphoneos;
				SWIFT_COMPILATION_MODE = wholemodule;
				SWIFT_OPTIMIZATION_LEVEL = "-O";
				VALIDATE_PRODUCT = YES;
			};
			name = Release;
		};
		A29571DA26D37B1600D9A984 /* Debug */ = {
			isa = XCBuildConfiguration;
			buildSettings = {
				ASSETCATALOG_COMPILER_APPICON_NAME = AppIcon;
				ASSETCATALOG_COMPILER_GLOBAL_ACCENT_COLOR_NAME = AccentColor;
				CODE_SIGN_STYLE = Automatic;
				DEVELOPMENT_TEAM = 34YD2762N8;
				INFOPLIST_FILE = Musicians/Info.plist;
				LD_RUNPATH_SEARCH_PATHS = (
					"$(inherited)",
					"@executable_path/Frameworks",
				);
				PRODUCT_BUNDLE_IDENTIFIER = com.gmail.artemkononov2000.Musicians;
				PRODUCT_NAME = "$(TARGET_NAME)";
				SWIFT_VERSION = 5.0;
				TARGETED_DEVICE_FAMILY = "1,2";
			};
			name = Debug;
		};
		A29571DB26D37B1600D9A984 /* Release */ = {
			isa = XCBuildConfiguration;
			buildSettings = {
				ASSETCATALOG_COMPILER_APPICON_NAME = AppIcon;
				ASSETCATALOG_COMPILER_GLOBAL_ACCENT_COLOR_NAME = AccentColor;
				CODE_SIGN_STYLE = Automatic;
				DEVELOPMENT_TEAM = 34YD2762N8;
				INFOPLIST_FILE = Musicians/Info.plist;
				LD_RUNPATH_SEARCH_PATHS = (
					"$(inherited)",
					"@executable_path/Frameworks",
				);
				PRODUCT_BUNDLE_IDENTIFIER = com.gmail.artemkononov2000.Musicians;
				PRODUCT_NAME = "$(TARGET_NAME)";
				SWIFT_VERSION = 5.0;
				TARGETED_DEVICE_FAMILY = "1,2";
			};
			name = Release;
		};
/* End XCBuildConfiguration section */

/* Begin XCConfigurationList section */
		A29571C026D37B1400D9A984 /* Build configuration list for PBXProject "Musicians" */ = {
			isa = XCConfigurationList;
			buildConfigurations = (
				A29571D726D37B1600D9A984 /* Debug */,
				A29571D826D37B1600D9A984 /* Release */,
			);
			defaultConfigurationIsVisible = 0;
			defaultConfigurationName = Release;
		};
		A29571D926D37B1600D9A984 /* Build configuration list for PBXNativeTarget "Musicians" */ = {
			isa = XCConfigurationList;
			buildConfigurations = (
				A29571DA26D37B1600D9A984 /* Debug */,
				A29571DB26D37B1600D9A984 /* Release */,
			);
			defaultConfigurationIsVisible = 0;
			defaultConfigurationName = Release;
		};
/* End XCConfigurationList section */
	};
	rootObject = A29571BD26D37B1400D9A984 /* Project object */;
}
